
Microsoft Visual Studio Solution File, Format Version 12.00
# Visual Studio Version 17
VisualStudioVersion = 17.13.35931.197 d17.13
MinimumVisualStudioVersion = 10.0.40219.1
Project("{FAE04EC0-301F-11D3-BF4B-00C04F79EFBC}") = "EjemploClase", "EjemploClase.csproj", "{711D6F7E-8013-49F2-9D92-BEB7F1DBAFED}"
EndProject
Global
	GlobalSection(SolutionConfigurationPlatforms) = preSolution
		Debug|Any CPU = Debug|Any CPU
		Release|Any CPU = Release|Any CPU
	EndGlobalSection
	GlobalSection(ProjectConfigurationPlatforms) = postSolution
		{711D6F7E-8013-49F2-9D92-BEB7F1DBAFED}.Debug|Any CPU.ActiveCfg = Debug|Any CPU
		{711D6F7E-8013-49F2-9D92-BEB7F1DBAFED}.Debug|Any CPU.Build.0 = Debug|Any CPU
		{711D6F7E-8013-49F2-9D92-BEB7F1DBAFED}.Release|Any CPU.ActiveCfg = Release|Any CPU
		{711D6F7E-8013-49F2-9D92-BEB7F1DBAFED}.Release|Any CPU.Build.0 = Release|Any CPU
	EndGlobalSection
	GlobalSection(SolutionProperties) = preSolution
		HideSolutionNode = FALSE
	EndGlobalSection
	GlobalSection(ExtensibilityGlobals) = postSolution
		SolutionGuid = {A8E81AF1-E61C-4716-B6A9-49E02A4B771B}
	EndGlobalSection
EndGlobal
